
Microsoft Visual Studio Solution File, Format Version 12.00
# Visual Studio Version 17
VisualStudioVersion = 17.12.35707.178
MinimumVisualStudioVersion = 10.0.40219.1
Project("{FAE04EC0-301F-11D3-BF4B-00C04F79EFBC}") = "TesteMonterealAPI", "TesteMonterealAPI\TesteMonterealAPI.csproj", "{2943D775-2F81-4E85-B03A-E603C6D4581C}"
EndProject
Project("{FAE04EC0-301F-11D3-BF4B-00C04F79EFBC}") = "Entidade", "Entidade\Entidade.csproj", "{1ABAAE3A-0E82-4C5D-A7A7-F420DA3DDDB9}"
EndProject
Project("{FAE04EC0-301F-11D3-BF4B-00C04F79EFBC}") = "Repositorios", "Repositorios\Repositorios.csproj", "{AAEE344D-BC01-4FBC-A053-6AB644520164}"
EndProject
Global
	GlobalSection(SolutionConfigurationPlatforms) = preSolution
		Debug|Any CPU = Debug|Any CPU
		Release|Any CPU = Release|Any CPU
	EndGlobalSection
	GlobalSection(ProjectConfigurationPlatforms) = postSolution
		{2943D775-2F81-4E85-B03A-E603C6D4581C}.Debug|Any CPU.ActiveCfg = Debug|Any CPU
		{2943D775-2F81-4E85-B03A-E603C6D4581C}.Debug|Any CPU.Build.0 = Debug|Any CPU
		{2943D775-2F81-4E85-B03A-E603C6D4581C}.Release|Any CPU.ActiveCfg = Release|Any CPU
		{2943D775-2F81-4E85-B03A-E603C6D4581C}.Release|Any CPU.Build.0 = Release|Any CPU
		{1ABAAE3A-0E82-4C5D-A7A7-F420DA3DDDB9}.Debug|Any CPU.ActiveCfg = Debug|Any CPU
		{1ABAAE3A-0E82-4C5D-A7A7-F420DA3DDDB9}.Debug|Any CPU.Build.0 = Debug|Any CPU
		{1ABAAE3A-0E82-4C5D-A7A7-F420DA3DDDB9}.Release|Any CPU.ActiveCfg = Release|Any CPU
		{1ABAAE3A-0E82-4C5D-A7A7-F420DA3DDDB9}.Release|Any CPU.Build.0 = Release|Any CPU
		{AAEE344D-BC01-4FBC-A053-6AB644520164}.Debug|Any CPU.ActiveCfg = Debug|Any CPU
		{AAEE344D-BC01-4FBC-A053-6AB644520164}.Debug|Any CPU.Build.0 = Debug|Any CPU
		{AAEE344D-BC01-4FBC-A053-6AB644520164}.Release|Any CPU.ActiveCfg = Release|Any CPU
		{AAEE344D-BC01-4FBC-A053-6AB644520164}.Release|Any CPU.Build.0 = Release|Any CPU
	EndGlobalSection
	GlobalSection(SolutionProperties) = preSolution
		HideSolutionNode = FALSE
	EndGlobalSection
EndGlobal
